
Microsoft Visual Studio Solution File, Format Version 12.00
# Visual Studio Version 16
VisualStudioVersion = 16.0.29911.84
MinimumVisualStudioVersion = 10.0.40219.1
Project("{8BC9CEB8-8B4A-11D0-8D11-00A0C91BC942}") = "Game", "Game\Game.vcxproj", "{673A1CD9-527F-4C9E-B4D1-C2CC47BDBACC}"
EndProject
Global
	GlobalSection(SolutionConfigurationPlatforms) = preSolution
		Debug|x64 = Debug|x64
		Debug|x86 = Debug|x86
		Release|x64 = Release|x64
		Release|x86 = Release|x86
	EndGlobalSection
	GlobalSection(ProjectConfigurationPlatforms) = postSolution
		{673A1CD9-527F-4C9E-B4D1-C2CC47BDBACC}.Debug|x64.ActiveCfg = Debug|x64
		{673A1CD9-527F-4C9E-B4D1-C2CC47BDBACC}.Debug|x64.Build.0 = Debug|x64
		{673A1CD9-527F-4C9E-B4D1-C2CC47BDBACC}.Debug|x86.ActiveCfg = Debug|Win32
		{673A1CD9-527F-4C9E-B4D1-C2CC47BDBACC}.Debug|x86.Build.0 = Debug|Win32
		{673A1CD9-527F-4C9E-B4D1-C2CC47BDBACC}.Release|x64.ActiveCfg = Release|x64
		{673A1CD9-527F-4C9E-B4D1-C2CC47BDBACC}.Release|x64.Build.0 = Release|x64
		{673A1CD9-527F-4C9E-B4D1-C2CC47BDBACC}.Release|x86.ActiveCfg = Release|Win32
		{673A1CD9-527F-4C9E-B4D1-C2CC47BDBACC}.Release|x86.Build.0 = Release|Win32
	EndGlobalSection
	GlobalSection(SolutionProperties) = preSolution
		HideSolutionNode = FALSE
	EndGlobalSection
	GlobalSection(ExtensibilityGlobals) = postSolution
		SolutionGuid = {F3B903C3-BCB9-47D9-BC5D-84052664F461}
	EndGlobalSection
EndGlobal
